
Microsoft Visual Studio Solution File, Format Version 12.00
# Visual Studio 15
VisualStudioVersion = 15.0.28307.1022
MinimumVisualStudioVersion = 10.0.40219.1
Project("{FAE04EC0-301F-11D3-BF4B-00C04F79EFBC}") = "Pick and Place File to DXF", "Pick and Place File to DXF\Pick and Place File to DXF.csproj", "{9C9BAE1C-9FD3-451D-848F-80038FCF3FAA}"
EndProject
Project("{FAE04EC0-301F-11D3-BF4B-00C04F79EFBC}") = "netDxf", "..\..\netDxf-master\netDxf\netDxf.csproj", "{785380E0-CEB9-4C34-82E5-60D0E33E848E}"
EndProject
Project("{9A19103F-16F7-4668-BE54-9A1E7A4F7556}") = "CsvHelper", "..\..\CsvHelper-master\CsvHelper-master\src\CsvHelper\CsvHelper.csproj", "{A45C2ABD-A5C6-45BC-9F74-C20D63B2C1D8}"
EndProject
Global
	GlobalSection(SolutionConfigurationPlatforms) = preSolution
		Debug|Any CPU = Debug|Any CPU
		Release|Any CPU = Release|Any CPU
	EndGlobalSection
	GlobalSection(ProjectConfigurationPlatforms) = postSolution
		{9C9BAE1C-9FD3-451D-848F-80038FCF3FAA}.Debug|Any CPU.ActiveCfg = Debug|Any CPU
		{9C9BAE1C-9FD3-451D-848F-80038FCF3FAA}.Debug|Any CPU.Build.0 = Debug|Any CPU
		{9C9BAE1C-9FD3-451D-848F-80038FCF3FAA}.Release|Any CPU.ActiveCfg = Release|Any CPU
		{9C9BAE1C-9FD3-451D-848F-80038FCF3FAA}.Release|Any CPU.Build.0 = Release|Any CPU
		{785380E0-CEB9-4C34-82E5-60D0E33E848E}.Debug|Any CPU.ActiveCfg = Debug|Any CPU
		{785380E0-CEB9-4C34-82E5-60D0E33E848E}.Debug|Any CPU.Build.0 = Debug|Any CPU
		{785380E0-CEB9-4C34-82E5-60D0E33E848E}.Release|Any CPU.ActiveCfg = Release|Any CPU
		{785380E0-CEB9-4C34-82E5-60D0E33E848E}.Release|Any CPU.Build.0 = Release|Any CPU
		{A45C2ABD-A5C6-45BC-9F74-C20D63B2C1D8}.Debug|Any CPU.ActiveCfg = Debug|Any CPU
		{A45C2ABD-A5C6-45BC-9F74-C20D63B2C1D8}.Debug|Any CPU.Build.0 = Debug|Any CPU
		{A45C2ABD-A5C6-45BC-9F74-C20D63B2C1D8}.Release|Any CPU.ActiveCfg = Release|Any CPU
		{A45C2ABD-A5C6-45BC-9F74-C20D63B2C1D8}.Release|Any CPU.Build.0 = Release|Any CPU
	EndGlobalSection
	GlobalSection(SolutionProperties) = preSolution
		HideSolutionNode = FALSE
	EndGlobalSection
	GlobalSection(ExtensibilityGlobals) = postSolution
		SolutionGuid = {65B498E1-B0DC-4E30-A608-424C88DD2E8E}
	EndGlobalSection
EndGlobal
